
Microsoft Visual Studio Solution File, Format Version 12.00
# Visual Studio 15
VisualStudioVersion = 15.0.27428.2015
MinimumVisualStudioVersion = 10.0.40219.1
Project("{FAE04EC0-301F-11D3-BF4B-00C04F79EFBC}") = "mysqlWinFormTest", "mysqlWinFormTest\mysqlWinFormTest.csproj", "{923313F9-F2B4-46F8-A0AA-F61BA33D3763}"
EndProject
Global
	GlobalSection(SolutionConfigurationPlatforms) = preSolution
		Debug|Any CPU = Debug|Any CPU
		Release|Any CPU = Release|Any CPU
	EndGlobalSection
	GlobalSection(ProjectConfigurationPlatforms) = postSolution
		{923313F9-F2B4-46F8-A0AA-F61BA33D3763}.Debug|Any CPU.ActiveCfg = Debug|Any CPU
		{923313F9-F2B4-46F8-A0AA-F61BA33D3763}.Debug|Any CPU.Build.0 = Debug|Any CPU
		{923313F9-F2B4-46F8-A0AA-F61BA33D3763}.Release|Any CPU.ActiveCfg = Release|Any CPU
		{923313F9-F2B4-46F8-A0AA-F61BA33D3763}.Release|Any CPU.Build.0 = Release|Any CPU
	EndGlobalSection
	GlobalSection(SolutionProperties) = preSolution
		HideSolutionNode = FALSE
	EndGlobalSection
	GlobalSection(ExtensibilityGlobals) = postSolution
		SolutionGuid = {2582E7AA-5EDC-4B95-9390-DB1C13998C76}
	EndGlobalSection
EndGlobal
